// !$*UTF8*$!
{
	archiveVersion = 1;
	classes = {
	};
	objectVersion = 50;
	objects = {

/* Begin PBXBuildFile section */
		ABDC950A2666602100B54971 /* AppDelegate.m in Sources */ = {isa = PBXBuildFile; fileRef = ABDC95092666602100B54971 /* AppDelegate.m */; };
		ABDC950D2666602100B54971 /* SceneDelegate.m in Sources */ = {isa = PBXBuildFile; fileRef = ABDC950C2666602100B54971 /* SceneDelegate.m */; };
		ABDC95102666602100B54971 /* ViewController.m in Sources */ = {isa = PBXBuildFile; fileRef = ABDC950F2666602100B54971 /* ViewController.m */; };
		ABDC95132666602100B54971 /* Main.storyboard in Resources */ = {isa = PBXBuildFile; fileRef = ABDC95112666602100B54971 /* Main.storyboard */; };
		ABDC95152666602400B54971 /* Assets.xcassets in Resources */ = {isa = PBXBuildFile; fileRef = ABDC95142666602400B54971 /* Assets.xcassets */; };
		ABDC95182666602400B54971 /* LaunchScreen.storyboard in Resources */ = {isa = PBXBuildFile; fileRef = ABDC95162666602400B54971 /* LaunchScreen.storyboard */; };
		ABDC951B2666602400B54971 /* main.m in Sources */ = {isa = PBXBuildFile; fileRef = ABDC951A2666602400B54971 /* main.m */; };
		ABDC9523266683D000B54971 /* ImageIOViewController.m in Sources */ = {isa = PBXBuildFile; fileRef = ABDC9522266683D000B54971 /* ImageIOViewController.m */; };
		ABDC9527266687F200B54971 /* sky.jpg in Resources */ = {isa = PBXBuildFile; fileRef = ABDC9524266687F200B54971 /* sky.jpg */; };
		ABDC9528266687F200B54971 /* sunflower.jpg in Resources */ = {isa = PBXBuildFile; fileRef = ABDC9525266687F200B54971 /* sunflower.jpg */; };
		ABDC9529266687F200B54971 /* ocean.jpg in Resources */ = {isa = PBXBuildFile; fileRef = ABDC9526266687F200B54971 /* ocean.jpg */; };
		ABDC952B26668E5000B54971 /* band.gif in Resources */ = {isa = PBXBuildFile; fileRef = ABDC952A26668E5000B54971 /* band.gif */; };
		ABDC952E2667283E00B54971 /* SupportTypeListViewController.m in Sources */ = {isa = PBXBuildFile; fileRef = ABDC952D2667283E00B54971 /* SupportTypeListViewController.m */; };
		ABDC9531266730FB00B54971 /* BitmapConverterViewController.m in Sources */ = {isa = PBXBuildFile; fileRef = ABDC9530266730FB00B54971 /* BitmapConverterViewController.m */; };
/* End PBXBuildFile section */

/* Begin PBXFileReference section */
		ABDC95052666602100B54971 /* ImageIODemo.app */ = {isa = PBXFileReference; explicitFileType = wrapper.application; includeInIndex = 0; path = ImageIODemo.app; sourceTree = BUILT_PRODUCTS_DIR; };
		ABDC95082666602100B54971 /* AppDelegate.h */ = {isa = PBXFileReference; lastKnownFileType = sourcecode.c.h; path = AppDelegate.h; sourceTree = "<group>"; };
		ABDC95092666602100B54971 /* AppDelegate.m */ = {isa = PBXFileReference; lastKnownFileType = sourcecode.c.objc; path = AppDelegate.m; sourceTree = "<group>"; };
		ABDC950B2666602100B54971 /* SceneDelegate.h */ = {isa = PBXFileReference; lastKnownFileType = sourcecode.c.h; path = SceneDelegate.h; sourceTree = "<group>"; };
		ABDC950C2666602100B54971 /* SceneDelegate.m */ = {isa = PBXFileReference; lastKnownFileType = sourcecode.c.objc; path = SceneDelegate.m; sourceTree = "<group>"; };
		ABDC950E2666602100B54971 /* ViewController.h */ = {isa = PBXFileReference; lastKnownFileType = sourcecode.c.h; path = ViewController.h; sourceTree = "<group>"; };
		ABDC950F2666602100B54971 /* ViewController.m */ = {isa = PBXFileReference; lastKnownFileType = sourcecode.c.objc; path = ViewController.m; sourceTree = "<group>"; };
		ABDC95122666602100B54971 /* Base */ = {isa = PBXFileReference; lastKnownFileType = file.storyboard; name = Base; path = Base.lproj/Main.storyboard; sourceTree = "<group>"; };
		ABDC95142666602400B54971 /* Assets.xcassets */ = {isa = PBXFileReference; lastKnownFileType = folder.assetcatalog; path = Assets.xcassets; sourceTree = "<group>"; };
		ABDC95172666602400B54971 /* Base */ = {isa = PBXFileReference; lastKnownFileType = file.storyboard; name = Base; path = Base.lproj/LaunchScreen.storyboard; sourceTree = "<group>"; };
		ABDC95192666602400B54971 /* Info.plist */ = {isa = PBXFileReference; lastKnownFileType = text.plist.xml; path = Info.plist; sourceTree = "<group>"; };
		ABDC951A2666602400B54971 /* main.m */ = {isa = PBXFileReference; lastKnownFileType = sourcecode.c.objc; path = main.m; sourceTree = "<group>"; };
		ABDC9521266683D000B54971 /* ImageIOViewController.h */ = {isa = PBXFileReference; lastKnownFileType = sourcecode.c.h; path = ImageIOViewController.h; sourceTree = "<group>"; };
		ABDC9522266683D000B54971 /* ImageIOViewController.m */ = {isa = PBXFileReference; lastKnownFileType = sourcecode.c.objc; path = ImageIOViewController.m; sourceTree = "<group>"; };
		ABDC9524266687F200B54971 /* sky.jpg */ = {isa = PBXFileReference; lastKnownFileType = image.jpeg; path = sky.jpg; sourceTree = "<group>"; };
		ABDC9525266687F200B54971 /* sunflower.jpg */ = {isa = PBXFileReference; lastKnownFileType = image.jpeg; path = sunflower.jpg; sourceTree = "<group>"; };
		ABDC9526266687F200B54971 /* ocean.jpg */ = {isa = PBXFileReference; lastKnownFileType = image.jpeg; path = ocean.jpg; sourceTree = "<group>"; };
		ABDC952A26668E5000B54971 /* band.gif */ = {isa = PBXFileReference; lastKnownFileType = image.gif; path = band.gif; sourceTree = "<group>"; };
		ABDC952C2667283E00B54971 /* SupportTypeListViewController.h */ = {isa = PBXFileReference; lastKnownFileType = sourcecode.c.h; path = SupportTypeListViewController.h; sourceTree = "<group>"; };
		ABDC952D2667283E00B54971 /* SupportTypeListViewController.m */ = {isa = PBXFileReference; lastKnownFileType = sourcecode.c.objc; path = SupportTypeListViewController.m; sourceTree = "<group>"; };
		ABDC952F266730FB00B54971 /* BitmapConverterViewController.h */ = {isa = PBXFileReference; lastKnownFileType = sourcecode.c.h; path = BitmapConverterViewController.h; sourceTree = "<group>"; };
		ABDC9530266730FB00B54971 /* BitmapConverterViewController.m */ = {isa = PBXFileReference; lastKnownFileType = sourcecode.c.objc; path = BitmapConverterViewController.m; sourceTree = "<group>"; };
/* End PBXFileReference section */

/* Begin PBXFrameworksBuildPhase section */
		ABDC95022666602100B54971 /* Frameworks */ = {
			isa = PBXFrameworksBuildPhase;
			buildActionMask = 2147483647;
			files = (
			);
			runOnlyForDeploymentPostprocessing = 0;
		};
/* End PBXFrameworksBuildPhase section */

/* Begin PBXGroup section */
		ABDC94FC2666602100B54971 = {
			isa = PBXGroup;
			children = (
				ABDC95072666602100B54971 /* ImageIODemo */,
				ABDC95062666602100B54971 /* Products */,
			);
			sourceTree = "<group>";
		};
		ABDC95062666602100B54971 /* Products */ = {
			isa = PBXGroup;
			children = (
				ABDC95052666602100B54971 /* ImageIODemo.app */,
			);
			name = Products;
			sourceTree = "<group>";
		};
		ABDC95072666602100B54971 /* ImageIODemo */ = {
			isa = PBXGroup;
			children = (
				ABDC95082666602100B54971 /* AppDelegate.h */,
				ABDC95092666602100B54971 /* AppDelegate.m */,
				ABDC950B2666602100B54971 /* SceneDelegate.h */,
				ABDC950C2666602100B54971 /* SceneDelegate.m */,
				ABDC950E2666602100B54971 /* ViewController.h */,
				ABDC950F2666602100B54971 /* ViewController.m */,
				ABDC9521266683D000B54971 /* ImageIOViewController.h */,
				ABDC9522266683D000B54971 /* ImageIOViewController.m */,
				ABDC952C2667283E00B54971 /* SupportTypeListViewController.h */,
				ABDC952D2667283E00B54971 /* SupportTypeListViewController.m */,
				ABDC952F266730FB00B54971 /* BitmapConverterViewController.h */,
				ABDC9530266730FB00B54971 /* BitmapConverterViewController.m */,
				ABDC95112666602100B54971 /* Main.storyboard */,
				ABDC95142666602400B54971 /* Assets.xcassets */,
				ABDC95162666602400B54971 /* LaunchScreen.storyboard */,
				ABDC95192666602400B54971 /* Info.plist */,
				ABDC951A2666602400B54971 /* main.m */,
				ABDC9526266687F200B54971 /* ocean.jpg */,
				ABDC9524266687F200B54971 /* sky.jpg */,
				ABDC952A26668E5000B54971 /* band.gif */,
				ABDC9525266687F200B54971 /* sunflower.jpg */,
			);
			path = ImageIODemo;
			sourceTree = "<group>";
		};
/* End PBXGroup section */

/* Begin PBXNativeTarget section */
		ABDC95042666602100B54971 /* ImageIODemo */ = {
			isa = PBXNativeTarget;
			buildConfigurationList = ABDC951E2666602400B54971 /* Build configuration list for PBXNativeTarget "ImageIODemo" */;
			buildPhases = (
				ABDC95012666602100B54971 /* Sources */,
				ABDC95022666602100B54971 /* Frameworks */,
				ABDC95032666602100B54971 /* Resources */,
			);
			buildRules = (
			);
			dependencies = (
			);
			name = ImageIODemo;
			productName = ImageIODemo;
			productReference = ABDC95052666602100B54971 /* ImageIODemo.app */;
			productType = "com.apple.product-type.application";
		};
/* End PBXNativeTarget section */

/* Begin PBXProject section */
		ABDC94FD2666602100B54971 /* Project object */ = {
			isa = PBXProject;
			attributes = {
				LastUpgradeCheck = 1250;
				TargetAttributes = {
					ABDC95042666602100B54971 = {
						CreatedOnToolsVersion = 12.5;
					};
				};
			};
			buildConfigurationList = ABDC95002666602100B54971 /* Build configuration list for PBXProject "ImageIODemo" */;
			compatibilityVersion = "Xcode 9.3";
			developmentRegion = en;
			hasScannedForEncodings = 0;
			knownRegions = (
				en,
				Base,
			);
			mainGroup = ABDC94FC2666602100B54971;
			productRefGroup = ABDC95062666602100B54971 /* Products */;
			projectDirPath = "";
			projectRoot = "";
			targets = (
				ABDC95042666602100B54971 /* ImageIODemo */,
			);
		};
/* End PBXProject section */

/* Begin PBXResourcesBuildPhase section */
		ABDC95032666602100B54971 /* Resources */ = {
			isa = PBXResourcesBuildPhase;
			buildActionMask = 2147483647;
			files = (
				ABDC95182666602400B54971 /* LaunchScreen.storyboard in Resources */,
				ABDC9527266687F200B54971 /* sky.jpg in Resources */,
				ABDC95152666602400B54971 /* Assets.xcassets in Resources */,
				ABDC9528266687F200B54971 /* sunflower.jpg in Resources */,
				ABDC9529266687F200B54971 /* ocean.jpg in Resources */,
				ABDC952B26668E5000B54971 /* band.gif in Resources */,
				ABDC95132666602100B54971 /* Main.storyboard in Resources */,
			);
			runOnlyForDeploymentPostprocessing = 0;
		};
/* End PBXResourcesBuildPhase section */

/* Begin PBXSourcesBuildPhase section */
		ABDC95012666602100B54971 /* Sources */ = {
			isa = PBXSourcesBuildPhase;
			buildActionMask = 2147483647;
			files = (
				ABDC9523266683D000B54971 /* ImageIOViewController.m in Sources */,
				ABDC9531266730FB00B54971 /* BitmapConverterViewController.m in Sources */,
				ABDC95102666602100B54971 /* ViewController.m in Sources */,
				ABDC952E2667283E00B54971 /* SupportTypeListViewController.m in Sources */,
				ABDC950A2666602100B54971 /* AppDelegate.m in Sources */,
				ABDC951B2666602400B54971 /* main.m in Sources */,
				ABDC950D2666602100B54971 /* SceneDelegate.m in Sources */,
			);
			runOnlyForDeploymentPostprocessing = 0;
		};
/* End PBXSourcesBuildPhase section */

/* Begin PBXVariantGroup section */
		ABDC95112666602100B54971 /* Main.storyboard */ = {
			isa = PBXVariantGroup;
			children = (
				ABDC95122666602100B54971 /* Base */,
			);
			name = Main.storyboard;
			sourceTree = "<group>";
		};
		ABDC95162666602400B54971 /* LaunchScreen.storyboard */ = {
			isa = PBXVariantGroup;
			children = (
				ABDC95172666602400B54971 /* Base */,
			);
			name = LaunchScreen.storyboard;
			sourceTree = "<group>";
		};
/* End PBXVariantGroup section */

/* Begin XCBuildConfiguration section */
		ABDC951C2666602400B54971 /* Debug */ = {
			isa = XCBuildConfiguration;
			buildSettings = {
				ALWAYS_SEARCH_USER_PATHS = NO;
				CLANG_ANALYZER_NONNULL = YES;
				CLANG_ANALYZER_NUMBER_OBJECT_CONVERSION = YES_AGGRESSIVE;
				CLANG_CXX_LANGUAGE_STANDARD = "gnu++14";
				CLANG_CXX_LIBRARY = "libc++";
				CLANG_ENABLE_MODULES = YES;
				CLANG_ENABLE_OBJC_ARC = YES;
				CLANG_ENABLE_OBJC_WEAK = YES;
				CLANG_WARN_BLOCK_CAPTURE_AUTORELEASING = YES;
				CLANG_WARN_BOOL_CONVERSION = YES;
				CLANG_WARN_COMMA = YES;
				CLANG_WARN_CONSTANT_CONVERSION = YES;
				CLANG_WARN_DEPRECATED_OBJC_IMPLEMENTATIONS = YES;
				CLANG_WARN_DIRECT_OBJC_ISA_USAGE = YES_ERROR;
				CLANG_WARN_DOCUMENTATION_COMMENTS = YES;
				CLANG_WARN_EMPTY_BODY = YES;
				CLANG_WARN_ENUM_CONVERSION = YES;
				CLANG_WARN_INFINITE_RECURSION = YES;
				CLANG_WARN_INT_CONVERSION = YES;
				CLANG_WARN_NON_LITERAL_NULL_CONVERSION = YES;
				CLANG_WARN_OBJC_IMPLICIT_RETAIN_SELF = YES;
				CLANG_WARN_OBJC_LITERAL_CONVERSION = YES;
				CLANG_WARN_OBJC_ROOT_CLASS = YES_ERROR;
				CLANG_WARN_QUOTED_INCLUDE_IN_FRAMEWORK_HEADER = YES;
				CLANG_WARN_RANGE_LOOP_ANALYSIS = YES;
				CLANG_WARN_STRICT_PROTOTYPES = YES;
				CLANG_WARN_SUSPICIOUS_MOVE = YES;
				CLANG_WARN_UNGUARDED_AVAILABILITY = YES_AGGRESSIVE;
				CLANG_WARN_UNREACHABLE_CODE = YES;
				CLANG_WARN__DUPLICATE_METHOD_MATCH = YES;
				COPY_PHASE_STRIP = NO;
				DEBUG_INFORMATION_FORMAT = dwarf;
				ENABLE_STRICT_OBJC_MSGSEND = YES;
				ENABLE_TESTABILITY = YES;
				GCC_C_LANGUAGE_STANDARD = gnu11;
				GCC_DYNAMIC_NO_PIC = NO;
				GCC_NO_COMMON_BLOCKS = YES;
				GCC_OPTIMIZATION_LEVEL = 0;
				GCC_PREPROCESSOR_DEFINITIONS = (
					"DEBUG=1",
					"$(inherited)",
				);
				GCC_WARN_64_TO_32_BIT_CONVERSION = YES;
				GCC_WARN_ABOUT_RETURN_TYPE = YES_ERROR;
				GCC_WARN_UNDECLARED_SELECTOR = YES;
				GCC_WARN_UNINITIALIZED_AUTOS = YES_AGGRESSIVE;
				GCC_WARN_UNUSED_FUNCTION = YES;
				GCC_WARN_UNUSED_VARIABLE = YES;
				IPHONEOS_DEPLOYMENT_TARGET = 14.5;
				MTL_ENABLE_DEBUG_INFO = INCLUDE_SOURCE;
				MTL_FAST_MATH = YES;
				ONLY_ACTIVE_ARCH = YES;
				SDKROOT = iphoneos;
			};
			name = Debug;
		};
		ABDC951D2666602400B54971 /* Release */ = {
			isa = XCBuildConfiguration;
			buildSettings = {
				ALWAYS_SEARCH_USER_PATHS = NO;
				CLANG_ANALYZER_NONNULL = YES;
				CLANG_ANALYZER_NUMBER_OBJECT_CONVERSION = YES_AGGRESSIVE;
				CLANG_CXX_LANGUAGE_STANDARD = "gnu++14";
				CLANG_CXX_LIBRARY = "libc++";
				CLANG_ENABLE_MODULES = YES;
				CLANG_ENABLE_OBJC_ARC = YES;
				CLANG_ENABLE_OBJC_WEAK = YES;
				CLANG_WARN_BLOCK_CAPTURE_AUTORELEASING = YES;
				CLANG_WARN_BOOL_CONVERSION = YES;
				CLANG_WARN_COMMA = YES;
				CLANG_WARN_CONSTANT_CONVERSION = YES;
				CLANG_WARN_DEPRECATED_OBJC_IMPLEMENTATIONS = YES;
				CLANG_WARN_DIRECT_OBJC_ISA_USAGE = YES_ERROR;
				CLANG_WARN_DOCUMENTATION_COMMENTS = YES;
				CLANG_WARN_EMPTY_BODY = YES;
				CLANG_WARN_ENUM_CONVERSION = YES;
				CLANG_WARN_INFINITE_RECURSION = YES;
				CLANG_WARN_INT_CONVERSION = YES;
				CLANG_WARN_NON_LITERAL_NULL_CONVERSION = YES;
				CLANG_WARN_OBJC_IMPLICIT_RETAIN_SELF = YES;
				CLANG_WARN_OBJC_LITERAL_CONVERSION = YES;
				CLANG_WARN_OBJC_ROOT_CLASS = YES_ERROR;
				CLANG_WARN_QUOTED_INCLUDE_IN_FRAMEWORK_HEADER = YES;
				CLANG_WARN_RANGE_LOOP_ANALYSIS = YES;
				CLANG_WARN_STRICT_PROTOTYPES = YES;
				CLANG_WARN_SUSPICIOUS_MOVE = YES;
				CLANG_WARN_UNGUARDED_AVAILABILITY = YES_AGGRESSIVE;
				CLANG_WARN_UNREACHABLE_CODE = YES;
				CLANG_WARN__DUPLICATE_METHOD_MATCH = YES;
				COPY_PHASE_STRIP = NO;
				DEBUG_INFORMATION_FORMAT = "dwarf-with-dsym";
				ENABLE_NS_ASSERTIONS = NO;
				ENABLE_STRICT_OBJC_MSGSEND = YES;
				GCC_C_LANGUAGE_STANDARD = gnu11;
				GCC_NO_COMMON_BLOCKS = YES;
				GCC_WARN_64_TO_32_BIT_CONVERSION = YES;
				GCC_WARN_ABOUT_RETURN_TYPE = YES_ERROR;
				GCC_WARN_UNDECLARED_SELECTOR = YES;
				GCC_WARN_UNINITIALIZED_AUTOS = YES_AGGRESSIVE;
				GCC_WARN_UNUSED_FUNCTION = YES;
				GCC_WARN_UNUSED_VARIABLE = YES;
				IPHONEOS_DEPLOYMENT_TARGET = 14.5;
				MTL_ENABLE_DEBUG_INFO = NO;
				MTL_FAST_MATH = YES;
				SDKROOT = iphoneos;
				VALIDATE_PRODUCT = YES;
			};
			name = Release;
		};
		ABDC951F2666602400B54971 /* Debug */ = {
			isa = XCBuildConfiguration;
			buildSettings = {
				ASSETCATALOG_COMPILER_APPICON_NAME = AppIcon;
				ASSETCATALOG_COMPILER_GLOBAL_ACCENT_COLOR_NAME = AccentColor;
				CODE_SIGN_STYLE = Automatic;
				DEVELOPMENT_TEAM = 2LF694Y87U;
				INFOPLIST_FILE = ImageIODemo/Info.plist;
				IPHONEOS_DEPLOYMENT_TARGET = 13.0;
				LD_RUNPATH_SEARCH_PATHS = (
					"$(inherited)",
					"@executable_path/Frameworks",
				);
				PRODUCT_BUNDLE_IDENTIFIER = com.ziyingtech.ImageIODemo;
				PRODUCT_NAME = "$(TARGET_NAME)";
				TARGETED_DEVICE_FAMILY = "1,2";
			};
			name = Debug;
		};
		ABDC95202666602400B54971 /* Release */ = {
			isa = XCBuildConfiguration;
			buildSettings = {
				ASSETCATALOG_COMPILER_APPICON_NAME = AppIcon;
				ASSETCATALOG_COMPILER_GLOBAL_ACCENT_COLOR_NAME = AccentColor;
				CODE_SIGN_STYLE = Automatic;
				DEVELOPMENT_TEAM = 2LF694Y87U;
				INFOPLIST_FILE = ImageIODemo/Info.plist;
				IPHONEOS_DEPLOYMENT_TARGET = 13.0;
				LD_RUNPATH_SEARCH_PATHS = (
					"$(inherited)",
					"@executable_path/Frameworks",
				);
				PRODUCT_BUNDLE_IDENTIFIER = com.ziyingtech.ImageIODemo;
				PRODUCT_NAME = "$(TARGET_NAME)";
				TARGETED_DEVICE_FAMILY = "1,2";
			};
			name = Release;
		};
/* End XCBuildConfiguration section */

/* Begin XCConfigurationList section */
		ABDC95002666602100B54971 /* Build configuration list for PBXProject "ImageIODemo" */ = {
			isa = XCConfigurationList;
			buildConfigurations = (
				ABDC951C2666602400B54971 /* Debug */,
				ABDC951D2666602400B54971 /* Release */,
			);
			defaultConfigurationIsVisible = 0;
			defaultConfigurationName = Release;
		};
		ABDC951E2666602400B54971 /* Build configuration list for PBXNativeTarget "ImageIODemo" */ = {
			isa = XCConfigurationList;
			buildConfigurations = (
				ABDC951F2666602400B54971 /* Debug */,
				ABDC95202666602400B54971 /* Release */,
			);
			defaultConfigurationIsVisible = 0;
			defaultConfigurationName = Release;
		};
/* End XCConfigurationList section */
	};
	rootObject = ABDC94FD2666602100B54971 /* Project object */;
}
